
Microsoft Visual Studio Solution File, Format Version 12.00
# Visual Studio Version 17
VisualStudioVersion = 17.9.34701.34
MinimumVisualStudioVersion = 10.0.40219.1
Project("{FAE04EC0-301F-11D3-BF4B-00C04F79EFBC}") = "ChatSignalR", "ChatSignalR.csproj", "{303339C0-E369-453B-9AF4-A20C5D1E9D56}"
EndProject
Global
	GlobalSection(SolutionConfigurationPlatforms) = preSolution
		Debug|Any CPU = Debug|Any CPU
		Release|Any CPU = Release|Any CPU
	EndGlobalSection
	GlobalSection(ProjectConfigurationPlatforms) = postSolution
		{303339C0-E369-453B-9AF4-A20C5D1E9D56}.Debug|Any CPU.ActiveCfg = Debug|Any CPU
		{303339C0-E369-453B-9AF4-A20C5D1E9D56}.Debug|Any CPU.Build.0 = Debug|Any CPU
		{303339C0-E369-453B-9AF4-A20C5D1E9D56}.Release|Any CPU.ActiveCfg = Release|Any CPU
		{303339C0-E369-453B-9AF4-A20C5D1E9D56}.Release|Any CPU.Build.0 = Release|Any CPU
	EndGlobalSection
	GlobalSection(SolutionProperties) = preSolution
		HideSolutionNode = FALSE
	EndGlobalSection
	GlobalSection(ExtensibilityGlobals) = postSolution
		SolutionGuid = {66BB234E-C8B9-4B8A-92A5-5A363C3A0DF8}
	EndGlobalSection
EndGlobal
